{
  "version": 4,
  "terraform_version": "0.12.13",
  "serial": 18,
  "lineage": "4c2702dc-8f48-a0a0-055b-ae3ca66d1922",
  "outputs": {},
  "resources": [
    {
      "mode": "data",
      "type": "aws_ip_ranges",
      "name": "asia-ec2",
      "provider": "provider.aws",
      "instances": [
        {
          "schema_version": 0,
          "attributes": {
            "cidr_blocks": [
              "122.248.192.0/18",
              "13.126.0.0/15",
              "13.228.0.0/15",
              "13.232.0.0/14",
              "13.250.0.0/15",
              "15.193.0.0/24",
              "15.193.2.0/24",
              "15.206.0.0/15",
              "175.41.128.0/18",
              "18.136.0.0/16",
              "18.138.0.0/15",
              "18.140.0.0/15",
              "18.142.0.0/15",
              "3.0.0.0/15",
              "3.5.208.0/22",
              "3.5.212.0/23",
              "3.6.0.0/15",
              "35.154.0.0/16",
              "46.137.192.0/19",
              "46.137.224.0/19",
              "46.51.216.0/21",
              "52.119.205.0/24",
              "52.220.0.0/15",
              "52.66.0.0/16",
              "52.74.0.0/16",
              "52.76.0.0/17",
              "52.76.128.0/17",
              "52.77.0.0/16",
              "52.94.248.144/28",
              "52.94.248.32/28",
              "52.95.242.0/24",
              "52.95.249.0/24",
              "52.95.255.32/28",
              "54.151.128.0/17",
              "54.169.0.0/16",
              "54.179.0.0/16",
              "54.251.0.0/16",
              "54.254.0.0/16",
              "54.255.0.0/16",
              "99.77.143.0/24",
              "99.77.145.0/24"
            ],
            "create_date": "2019-11-21-21-23-09",
            "id": "1574371389",
            "ipv6_cidr_blocks": [
              "2400:6500:ff00::/64",
              "2406:da00:8000::/40",
              "2406:da00:a000::/40",
              "2406:da18::/36",
              "2406:da1a::/36",
              "2406:daff:8000::/40",
              "2406:daff:a000::/40"
            ],
            "regions": [
              "ap-south-1",
              "ap-southeast-1"
            ],
            "services": [
              "ec2"
            ],
            "sync_token": 1574371389,
            "url": "https://ip-ranges.amazonaws.com/ip-ranges.json"
          }
        }
      ]
    },
    {
      "mode": "managed",
      "type": "aws_security_group",
      "name": "from_asia",
      "provider": "provider.aws",
      "instances": [
        {
          "schema_version": 1,
          "attributes": {
            "arn": "arn:aws:ec2:ap-southeast-1:541558133727:security-group/sg-005398019c50f0331",
            "description": "Managed by Terraform",
            "egress": [
              {
                "cidr_blocks": [],
                "description": "",
                "from_port": 0,
                "ipv6_cidr_blocks": [],
                "prefix_list_ids": [],
                "protocol": "-1",
                "security_groups": [],
                "self": false,
                "to_port": 0
              }
            ],
            "id": "sg-005398019c50f0331",
            "ingress": [
              {
                "cidr_blocks": [],
                "description": "",
                "from_port": 22,
                "ipv6_cidr_blocks": [],
                "prefix_list_ids": [],
                "protocol": "tcp",
                "security_groups": [],
                "self": false,
                "to_port": 22
              }
            ],
            "name": "from_asia",
            "name_prefix": null,
            "owner_id": "541558133727",
            "revoke_rules_on_delete": false,
            "tags": null,
            "timeouts": null,
            "vpc_id": "vpc-25e0ee42"
          },
          "private": "eyJlMmJmYjczMC1lY2FhLTExZTYtOGY4OC0zNDM2M2JjN2M0YzAiOnsiY3JlYXRlIjo2MDAwMDAwMDAwMDAsImRlbGV0ZSI6NjAwMDAwMDAwMDAwfSwic2NoZW1hX3ZlcnNpb24iOiIxIn0="
        }
      ]
    }
  ]
}
