{
  "version": 4,
  "terraform_version": "0.12.13",
  "serial": 3,
  "lineage": "5d62e315-2610-9f6a-9931-1db33148f714",
  "outputs": {},
  "resources": [
    {
      "mode": "managed",
      "type": "aws_iam_role",
      "name": "lrole",
      "provider": "provider.aws",
      "instances": [
        {
          "schema_version": 0,
          "attributes": {
            "arn": "arn:aws:iam::541558133727:role/lambda_test_role",
            "assume_role_policy": "{\"Version\":\"2012-10-17\",\"Statement\":[{\"Sid\":\"\",\"Effect\":\"Allow\",\"Principal\":{\"Service\":\"lambda.amazonaws.com\"},\"Action\":\"sts:AssumeRole\"}]}",
            "create_date": "2019-11-22T11:14:34Z",
            "description": "",
            "force_detach_policies": false,
            "id": "lambda_test_role",
            "max_session_duration": 3600,
            "name": "lambda_test_role",
            "name_prefix": null,
            "path": "/",
            "permissions_boundary": null,
            "tags": null,
            "unique_id": "AROAX4F3BKPPYYZMDVSFY"
          },
          "private": "bnVsbA=="
        }
      ]
    },
    {
      "mode": "managed",
      "type": "aws_iam_role_policy",
      "name": "lpolicy",
      "provider": "provider.aws",
      "instances": [
        {
          "schema_version": 0,
          "attributes": {
            "id": "lambda_test_role:test_policy",
            "name": "test_policy",
            "name_prefix": null,
            "policy": "{\r\n  \"Version\": \"2012-10-17\",\r\n  \"Statement\": [\r\n    {\r\n      \"Sid\": \"Stmt1574334131500\",\r\n      \"Action\": \"logs:*\",\r\n      \"Effect\": \"Allow\",\r\n      \"Resource\": \"*\"\r\n    }\r\n  ]\r\n}",
            "role": "lambda_test_role"
          },
          "private": "bnVsbA==",
          "depends_on": [
            "aws_iam_role.lrole"
          ]
        }
      ]
    }
  ]
}
